
Microsoft Visual Studio Solution File, Format Version 12.00
# Visual Studio 15
VisualStudioVersion = 15.0.28307.168
MinimumVisualStudioVersion = 10.0.40219.1
Project("{FAE04EC0-301F-11D3-BF4B-00C04F79EFBC}") = "RationalityIntro.Web.Logic", "RationalityIntro.Web.Logic\RationalityIntro.Web.Logic.csproj", "{B586B5BD-700E-4003-87CB-BF194162BDF7}"
EndProject
Project("{FAE04EC0-301F-11D3-BF4B-00C04F79EFBC}") = "RationalityIntro.Web", "RationalityIntro.Web\RationalityIntro.Web.csproj", "{FC58279C-4C97-4A72-8026-7385BAB12975}"
EndProject
Project("{FAE04EC0-301F-11D3-BF4B-00C04F79EFBC}") = "RationalityIntro.Data", "RationalityIntro.Data\RationalityIntro.Data.csproj", "{B6C2713C-57C8-4F25-9421-32D976161623}"
EndProject
Project("{FAE04EC0-301F-11D3-BF4B-00C04F79EFBC}") = "RationalityIntro.Logic", "RationalityIntro.Logic\RationalityIntro.Logic.csproj", "{CA359F4C-7DD9-4E44-BAC8-ABDCEAAC2627}"
EndProject
Project("{FAE04EC0-301F-11D3-BF4B-00C04F79EFBC}") = "RationlityIntro.API", "RationlityIntro.API\RationlityIntro.API.csproj", "{9EB255CC-30E5-4C49-80A9-B4EB571604A0}"
EndProject
Project("{00D1A9C2-B5F0-4AF3-8072-F6C62B433612}") = "RationalityIntro.SQL", "RationalityIntro.SQL\RationalityIntro.SQL.sqlproj", "{588C43B7-CA27-4144-8D91-804E69E09986}"
EndProject
Project("{FAE04EC0-301F-11D3-BF4B-00C04F79EFBC}") = "RationalityIntro.Domain", "RationalityIntro.Domain\RationalityIntro.Domain.csproj", "{7CFD3FD3-41DA-43DC-80E4-B2F247A49829}"
EndProject
Global
	GlobalSection(SolutionConfigurationPlatforms) = preSolution
		Debug|Any CPU = Debug|Any CPU
		Release|Any CPU = Release|Any CPU
	EndGlobalSection
	GlobalSection(ProjectConfigurationPlatforms) = postSolution
		{B586B5BD-700E-4003-87CB-BF194162BDF7}.Debug|Any CPU.ActiveCfg = Debug|Any CPU
		{B586B5BD-700E-4003-87CB-BF194162BDF7}.Debug|Any CPU.Build.0 = Debug|Any CPU
		{B586B5BD-700E-4003-87CB-BF194162BDF7}.Release|Any CPU.ActiveCfg = Release|Any CPU
		{B586B5BD-700E-4003-87CB-BF194162BDF7}.Release|Any CPU.Build.0 = Release|Any CPU
		{FC58279C-4C97-4A72-8026-7385BAB12975}.Debug|Any CPU.ActiveCfg = Debug|Any CPU
		{FC58279C-4C97-4A72-8026-7385BAB12975}.Debug|Any CPU.Build.0 = Debug|Any CPU
		{FC58279C-4C97-4A72-8026-7385BAB12975}.Release|Any CPU.ActiveCfg = Release|Any CPU
		{FC58279C-4C97-4A72-8026-7385BAB12975}.Release|Any CPU.Build.0 = Release|Any CPU
		{B6C2713C-57C8-4F25-9421-32D976161623}.Debug|Any CPU.ActiveCfg = Debug|Any CPU
		{B6C2713C-57C8-4F25-9421-32D976161623}.Debug|Any CPU.Build.0 = Debug|Any CPU
		{B6C2713C-57C8-4F25-9421-32D976161623}.Release|Any CPU.ActiveCfg = Release|Any CPU
		{B6C2713C-57C8-4F25-9421-32D976161623}.Release|Any CPU.Build.0 = Release|Any CPU
		{CA359F4C-7DD9-4E44-BAC8-ABDCEAAC2627}.Debug|Any CPU.ActiveCfg = Debug|Any CPU
		{CA359F4C-7DD9-4E44-BAC8-ABDCEAAC2627}.Debug|Any CPU.Build.0 = Debug|Any CPU
		{CA359F4C-7DD9-4E44-BAC8-ABDCEAAC2627}.Release|Any CPU.ActiveCfg = Release|Any CPU
		{CA359F4C-7DD9-4E44-BAC8-ABDCEAAC2627}.Release|Any CPU.Build.0 = Release|Any CPU
		{9EB255CC-30E5-4C49-80A9-B4EB571604A0}.Debug|Any CPU.ActiveCfg = Debug|Any CPU
		{9EB255CC-30E5-4C49-80A9-B4EB571604A0}.Debug|Any CPU.Build.0 = Debug|Any CPU
		{9EB255CC-30E5-4C49-80A9-B4EB571604A0}.Release|Any CPU.ActiveCfg = Release|Any CPU
		{9EB255CC-30E5-4C49-80A9-B4EB571604A0}.Release|Any CPU.Build.0 = Release|Any CPU
		{588C43B7-CA27-4144-8D91-804E69E09986}.Debug|Any CPU.ActiveCfg = Debug|Any CPU
		{588C43B7-CA27-4144-8D91-804E69E09986}.Debug|Any CPU.Build.0 = Debug|Any CPU
		{588C43B7-CA27-4144-8D91-804E69E09986}.Debug|Any CPU.Deploy.0 = Debug|Any CPU
		{588C43B7-CA27-4144-8D91-804E69E09986}.Release|Any CPU.ActiveCfg = Release|Any CPU
		{588C43B7-CA27-4144-8D91-804E69E09986}.Release|Any CPU.Build.0 = Release|Any CPU
		{588C43B7-CA27-4144-8D91-804E69E09986}.Release|Any CPU.Deploy.0 = Release|Any CPU
		{7CFD3FD3-41DA-43DC-80E4-B2F247A49829}.Debug|Any CPU.ActiveCfg = Debug|Any CPU
		{7CFD3FD3-41DA-43DC-80E4-B2F247A49829}.Debug|Any CPU.Build.0 = Debug|Any CPU
		{7CFD3FD3-41DA-43DC-80E4-B2F247A49829}.Release|Any CPU.ActiveCfg = Release|Any CPU
		{7CFD3FD3-41DA-43DC-80E4-B2F247A49829}.Release|Any CPU.Build.0 = Release|Any CPU
	EndGlobalSection
	GlobalSection(SolutionProperties) = preSolution
		HideSolutionNode = FALSE
	EndGlobalSection
	GlobalSection(ExtensibilityGlobals) = postSolution
		SolutionGuid = {1B9356C7-2B8D-43C0-9E80-404E362D4E17}
	EndGlobalSection
EndGlobal
